
Microsoft Visual Studio Solution File, Format Version 12.00
# Visual Studio Version 17
VisualStudioVersion = 17.9.34616.47
MinimumVisualStudioVersion = 10.0.40219.1
Project("{9A19103F-16F7-4668-BE54-9A1E7A4F7556}") = "CheatSheet.Domain", "CheatSheet.Domain\CheatSheet.Domain.csproj", "{661CB6F6-AD7A-433D-964F-329DEE2DA00C}"
EndProject
Project("{9A19103F-16F7-4668-BE54-9A1E7A4F7556}") = "CheatSheet.Infrastructure", "CheatSheet.Infrastructure\CheatSheet.Infrastructure.csproj", "{8F6F4239-51CE-4297-BDE3-64741E667A4B}"
EndProject
Project("{9A19103F-16F7-4668-BE54-9A1E7A4F7556}") = "CheatSheet.Application", "CheatSheet.Application\CheatSheet.Application.csproj", "{2333B7C7-7B09-4AE0-9D3C-F03A5FBB9ABB}"
EndProject
Project("{FAE04EC0-301F-11D3-BF4B-00C04F79EFBC}") = "CheatSheet.WebAPI", "CheatSheet.WebAPI\CheatSheet.WebAPI.csproj", "{753D4415-A148-433A-BF7B-9D7135600C69}"
EndProject
Global
	GlobalSection(SolutionConfigurationPlatforms) = preSolution
		Debug|Any CPU = Debug|Any CPU
		Release|Any CPU = Release|Any CPU
	EndGlobalSection
	GlobalSection(ProjectConfigurationPlatforms) = postSolution
		{661CB6F6-AD7A-433D-964F-329DEE2DA00C}.Debug|Any CPU.ActiveCfg = Debug|Any CPU
		{661CB6F6-AD7A-433D-964F-329DEE2DA00C}.Debug|Any CPU.Build.0 = Debug|Any CPU
		{661CB6F6-AD7A-433D-964F-329DEE2DA00C}.Release|Any CPU.ActiveCfg = Release|Any CPU
		{661CB6F6-AD7A-433D-964F-329DEE2DA00C}.Release|Any CPU.Build.0 = Release|Any CPU
		{8F6F4239-51CE-4297-BDE3-64741E667A4B}.Debug|Any CPU.ActiveCfg = Debug|Any CPU
		{8F6F4239-51CE-4297-BDE3-64741E667A4B}.Debug|Any CPU.Build.0 = Debug|Any CPU
		{8F6F4239-51CE-4297-BDE3-64741E667A4B}.Release|Any CPU.ActiveCfg = Release|Any CPU
		{8F6F4239-51CE-4297-BDE3-64741E667A4B}.Release|Any CPU.Build.0 = Release|Any CPU
		{2333B7C7-7B09-4AE0-9D3C-F03A5FBB9ABB}.Debug|Any CPU.ActiveCfg = Debug|Any CPU
		{2333B7C7-7B09-4AE0-9D3C-F03A5FBB9ABB}.Debug|Any CPU.Build.0 = Debug|Any CPU
		{2333B7C7-7B09-4AE0-9D3C-F03A5FBB9ABB}.Release|Any CPU.ActiveCfg = Release|Any CPU
		{2333B7C7-7B09-4AE0-9D3C-F03A5FBB9ABB}.Release|Any CPU.Build.0 = Release|Any CPU
		{753D4415-A148-433A-BF7B-9D7135600C69}.Debug|Any CPU.ActiveCfg = Debug|Any CPU
		{753D4415-A148-433A-BF7B-9D7135600C69}.Debug|Any CPU.Build.0 = Debug|Any CPU
		{753D4415-A148-433A-BF7B-9D7135600C69}.Release|Any CPU.ActiveCfg = Release|Any CPU
		{753D4415-A148-433A-BF7B-9D7135600C69}.Release|Any CPU.Build.0 = Release|Any CPU
	EndGlobalSection
	GlobalSection(SolutionProperties) = preSolution
		HideSolutionNode = FALSE
	EndGlobalSection
	GlobalSection(ExtensibilityGlobals) = postSolution
		SolutionGuid = {21749A2E-90F5-4705-ABB1-580EEFBDDBB7}
	EndGlobalSection
EndGlobal
